[0m[1mdata.tfe_organization.signalroom: Reading...[0m[0m
[0m[1mdata.aws_vpc.vpn: Reading...[0m[0m
[0m[1mdata.aws_ec2_client_vpn_endpoint.client_vpn: Reading...[0m[0m
[0m[1mdata.aws_route_table.dns_main: Reading...[0m[0m
[0m[1mdata.aws_vpc.dns: Reading...[0m[0m
[0m[1mdata.aws_route_table.tfc_agent_main: Reading...[0m[0m
[0m[1mdata.aws_vpc.tfc_agent: Reading...[0m[0m
[0m[1mdata.aws_route_table.vpn_main: Reading...[0m[0m
[0m[1mdata.tfe_organization.signalroom: Read complete after 1s [id=org-n7CbMbTQm3tNbD9K][0m
[0m[1mdata.tfe_agent_pool.workspace_agent_pool: Reading...[0m[0m
[0m[1mdata.tfe_workspace.workspace: Reading...[0m[0m
[0m[1mdata.tfe_agent_pool.workspace_agent_pool: Read complete after 0s [id=apool-o3yksHPJ7DUaH6a6][0m
[0m[1mdata.tfe_workspace.workspace: Read complete after 0s [id=ws-pop9h2dgKMWURFnk][0m
[0m[1mdata.aws_route_table.dns_main: Read complete after 0s [id=rtb-05406ecb5c9b94890][0m
[0m[1mdata.aws_ec2_client_vpn_endpoint.client_vpn: Read complete after 0s [id=cvpn-endpoint-03c849594641972e6][0m
[0m[1mdata.aws_route_table.tfc_agent_main: Read complete after 0s [id=rtb-0c1924afa049f6741][0m
[0m[1mdata.aws_route_table.vpn_main: Read complete after 0s [id=rtb-079acacefd3a9f1f7][0m
[0m[1mdata.aws_vpc.vpn: Read complete after 0s [id=vpc-0895b7b4fba2ec0d6][0m
[0m[1mdata.aws_vpc.dns: Read complete after 0s [id=vpc-03df576381291864f][0m
[0m[1mdata.aws_vpc.tfc_agent: Read complete after 0s [id=vpc-038c1b74d6af38ab1][0m

Terraform used the selected providers to generate the following execution
plan. Resource actions are indicated with the following symbols:
  [32m+[0m create[0m
 [36m<=[0m read (data resources)[0m

Terraform will perform the following actions:

[1m  # aws_route.dns_to_sandbox_privatelink[0m will be created
[0m  [32m+[0m[0m resource "aws_route" "dns_to_sandbox_privatelink" {
      [32m+[0m[0m destination_cidr_block = "10.0.0.0/20"
      [32m+[0m[0m id                     = (known after apply)
      [32m+[0m[0m instance_id            = (known after apply)
      [32m+[0m[0m instance_owner_id      = (known after apply)
      [32m+[0m[0m network_interface_id   = (known after apply)
      [32m+[0m[0m origin                 = (known after apply)
      [32m+[0m[0m region                 = "us-east-1"
      [32m+[0m[0m route_table_id         = "rtb-05406ecb5c9b94890"
      [32m+[0m[0m state                  = (known after apply)
      [32m+[0m[0m transit_gateway_id     = "tgw-0ea7a7c37a74e064a"
    }

[1m  # aws_route.dns_to_shared_privatelink[0m will be created
[0m  [32m+[0m[0m resource "aws_route" "dns_to_shared_privatelink" {
      [32m+[0m[0m destination_cidr_block = "10.1.0.0/20"
      [32m+[0m[0m id                     = (known after apply)
      [32m+[0m[0m instance_id            = (known after apply)
      [32m+[0m[0m instance_owner_id      = (known after apply)
      [32m+[0m[0m network_interface_id   = (known after apply)
      [32m+[0m[0m origin                 = (known after apply)
      [32m+[0m[0m region                 = "us-east-1"
      [32m+[0m[0m route_table_id         = "rtb-05406ecb5c9b94890"
      [32m+[0m[0m state                  = (known after apply)
      [32m+[0m[0m transit_gateway_id     = "tgw-0ea7a7c37a74e064a"
    }

[1m  # aws_route.tfc_agent_to_sandbox_privatelink[0m will be created
[0m  [32m+[0m[0m resource "aws_route" "tfc_agent_to_sandbox_privatelink" {
      [32m+[0m[0m destination_cidr_block = "10.0.0.0/20"
      [32m+[0m[0m id                     = (known after apply)
      [32m+[0m[0m instance_id            = (known after apply)
      [32m+[0m[0m instance_owner_id      = (known after apply)
      [32m+[0m[0m network_interface_id   = (known after apply)
      [32m+[0m[0m origin                 = (known after apply)
      [32m+[0m[0m region                 = "us-east-1"
      [32m+[0m[0m route_table_id         = "rtb-0c1924afa049f6741"
      [32m+[0m[0m state                  = (known after apply)
      [32m+[0m[0m transit_gateway_id     = "tgw-0ea7a7c37a74e064a"
    }

[1m  # aws_route.tfc_agent_to_shared_privatelink[0m will be created
[0m  [32m+[0m[0m resource "aws_route" "tfc_agent_to_shared_privatelink" {
      [32m+[0m[0m destination_cidr_block = "10.1.0.0/20"
      [32m+[0m[0m id                     = (known after apply)
      [32m+[0m[0m instance_id            = (known after apply)
      [32m+[0m[0m instance_owner_id      = (known after apply)
      [32m+[0m[0m network_interface_id   = (known after apply)
      [32m+[0m[0m origin                 = (known after apply)
      [32m+[0m[0m region                 = "us-east-1"
      [32m+[0m[0m route_table_id         = "rtb-0c1924afa049f6741"
      [32m+[0m[0m state                  = (known after apply)
      [32m+[0m[0m transit_gateway_id     = "tgw-0ea7a7c37a74e064a"
    }

[1m  # aws_route.vpn_to_sandbox_privatelink[0m will be created
[0m  [32m+[0m[0m resource "aws_route" "vpn_to_sandbox_privatelink" {
      [32m+[0m[0m destination_cidr_block = "10.0.0.0/20"
      [32m+[0m[0m id                     = (known after apply)
      [32m+[0m[0m instance_id            = (known after apply)
      [32m+[0m[0m instance_owner_id      = (known after apply)
      [32m+[0m[0m network_interface_id   = (known after apply)
      [32m+[0m[0m origin                 = (known after apply)
      [32m+[0m[0m region                 = "us-east-1"
      [32m+[0m[0m route_table_id         = "rtb-079acacefd3a9f1f7"
      [32m+[0m[0m state                  = (known after apply)
      [32m+[0m[0m transit_gateway_id     = "tgw-0ea7a7c37a74e064a"
    }

[1m  # aws_route.vpn_to_shared_privatelink[0m will be created
[0m  [32m+[0m[0m resource "aws_route" "vpn_to_shared_privatelink" {
      [32m+[0m[0m destination_cidr_block = "10.1.0.0/20"
      [32m+[0m[0m id                     = (known after apply)
      [32m+[0m[0m instance_id            = (known after apply)
      [32m+[0m[0m instance_owner_id      = (known after apply)
      [32m+[0m[0m network_interface_id   = (known after apply)
      [32m+[0m[0m origin                 = (known after apply)
      [32m+[0m[0m region                 = "us-east-1"
      [32m+[0m[0m route_table_id         = "rtb-079acacefd3a9f1f7"
      [32m+[0m[0m state                  = (known after apply)
      [32m+[0m[0m transit_gateway_id     = "tgw-0ea7a7c37a74e064a"
    }

[1m  # aws_route53_record.privatelink_wildcard[0m will be created
[0m  [32m+[0m[0m resource "aws_route53_record" "privatelink_wildcard" {
      [32m+[0m[0m allow_overwrite = (known after apply)
      [32m+[0m[0m fqdn            = (known after apply)
      [32m+[0m[0m id              = (known after apply)
      [32m+[0m[0m name            = (known after apply)
      [32m+[0m[0m records         = (known after apply)
      [32m+[0m[0m ttl             = 60
      [32m+[0m[0m type            = "CNAME"
      [32m+[0m[0m zone_id         = (known after apply)
    }

[1m  # aws_route53_record.privatelink_zonal["0"][0m will be created
[0m  [32m+[0m[0m resource "aws_route53_record" "privatelink_zonal" {
      [32m+[0m[0m allow_overwrite = (known after apply)
      [32m+[0m[0m fqdn            = (known after apply)
      [32m+[0m[0m id              = (known after apply)
      [32m+[0m[0m name            = (known after apply)
      [32m+[0m[0m records         = (known after apply)
      [32m+[0m[0m ttl             = 60
      [32m+[0m[0m type            = "CNAME"
      [32m+[0m[0m zone_id         = (known after apply)
    }

[1m  # aws_route53_record.privatelink_zonal["1"][0m will be created
[0m  [32m+[0m[0m resource "aws_route53_record" "privatelink_zonal" {
      [32m+[0m[0m allow_overwrite = (known after apply)
      [32m+[0m[0m fqdn            = (known after apply)
      [32m+[0m[0m id              = (known after apply)
      [32m+[0m[0m name            = (known after apply)
      [32m+[0m[0m records         = (known after apply)
      [32m+[0m[0m ttl             = 60
      [32m+[0m[0m type            = "CNAME"
      [32m+[0m[0m zone_id         = (known after apply)
    }

[1m  # aws_route53_record.privatelink_zonal["2"][0m will be created
[0m  [32m+[0m[0m resource "aws_route53_record" "privatelink_zonal" {
      [32m+[0m[0m allow_overwrite = (known after apply)
      [32m+[0m[0m fqdn            = (known after apply)
      [32m+[0m[0m id              = (known after apply)
      [32m+[0m[0m name            = (known after apply)
      [32m+[0m[0m records         = (known after apply)
      [32m+[0m[0m ttl             = 60
      [32m+[0m[0m type            = "CNAME"
      [32m+[0m[0m zone_id         = (known after apply)
    }

[1m  # aws_route53_resolver_rule.confluent_private_system[0m will be created
[0m  [32m+[0m[0m resource "aws_route53_resolver_rule" "confluent_private_system" {
      [32m+[0m[0m arn          = (known after apply)
      [32m+[0m[0m domain_name  = (known after apply)
      [32m+[0m[0m id           = (known after apply)
      [32m+[0m[0m name         = "confluent-privatelink-phz-system"
      [32m+[0m[0m owner_id     = (known after apply)
      [32m+[0m[0m region       = "us-east-1"
      [32m+[0m[0m rule_type    = "SYSTEM"
      [32m+[0m[0m share_status = (known after apply)
      [32m+[0m[0m tags         = {
          [32m+[0m[0m "ManagedBy" = "Terraform Cloud"
          [32m+[0m[0m "Name"      = "Confluent PrivateLink PHZ System Rule"
          [32m+[0m[0m "Purpose"   = "Enable PHZ resolution for private Confluent clusters"
        }
      [32m+[0m[0m tags_all     = {
          [32m+[0m[0m "ManagedBy" = "Terraform Cloud"
          [32m+[0m[0m "Name"      = "Confluent PrivateLink PHZ System Rule"
          [32m+[0m[0m "Purpose"   = "Enable PHZ resolution for private Confluent clusters"
        }
    }

[1m  # aws_route53_resolver_rule_association.confluent_private_dns_vpc[0m will be created
[0m  [32m+[0m[0m resource "aws_route53_resolver_rule_association" "confluent_private_dns_vpc" {
      [32m+[0m[0m id               = (known after apply)
      [32m+[0m[0m name             = "dns-vpc-confluent-private"
      [32m+[0m[0m region           = "us-east-1"
      [32m+[0m[0m resolver_rule_id = (known after apply)
      [32m+[0m[0m vpc_id           = "vpc-03df576381291864f"
    }

[1m  # aws_route53_resolver_rule_association.confluent_private_sandbox_vpc[0m will be created
[0m  [32m+[0m[0m resource "aws_route53_resolver_rule_association" "confluent_private_sandbox_vpc" {
      [32m+[0m[0m id               = (known after apply)
      [32m+[0m[0m name             = "sandbox-vpc-confluent-private"
      [32m+[0m[0m region           = "us-east-1"
      [32m+[0m[0m resolver_rule_id = (known after apply)
      [32m+[0m[0m vpc_id           = (known after apply)
    }

[1m  # aws_route53_resolver_rule_association.confluent_private_shared_vpc[0m will be created
[0m  [32m+[0m[0m resource "aws_route53_resolver_rule_association" "confluent_private_shared_vpc" {
      [32m+[0m[0m id               = (known after apply)
      [32m+[0m[0m name             = "shared-vpc-confluent-private"
      [32m+[0m[0m region           = "us-east-1"
      [32m+[0m[0m resolver_rule_id = (known after apply)
      [32m+[0m[0m vpc_id           = (known after apply)
    }

[1m  # aws_route53_resolver_rule_association.confluent_private_tfc_vpc[0m will be created
[0m  [32m+[0m[0m resource "aws_route53_resolver_rule_association" "confluent_private_tfc_vpc" {
      [32m+[0m[0m id               = (known after apply)
      [32m+[0m[0m name             = "tfc-vpc-confluent-private"
      [32m+[0m[0m region           = "us-east-1"
      [32m+[0m[0m resolver_rule_id = (known after apply)
      [32m+[0m[0m vpc_id           = "vpc-038c1b74d6af38ab1"
    }

[1m  # aws_route53_resolver_rule_association.confluent_private_vpn_vpc[0m will be created
[0m  [32m+[0m[0m resource "aws_route53_resolver_rule_association" "confluent_private_vpn_vpc" {
      [32m+[0m[0m id               = (known after apply)
      [32m+[0m[0m name             = "vpn-vpc-confluent-private"
      [32m+[0m[0m region           = "us-east-1"
      [32m+[0m[0m resolver_rule_id = (known after apply)
      [32m+[0m[0m vpc_id           = "vpc-0895b7b4fba2ec0d6"
    }

[1m  # aws_route53_zone.centralized_dns_vpc[0m will be created
[0m  [32m+[0m[0m resource "aws_route53_zone" "centralized_dns_vpc" {
      [32m+[0m[0m arn                         = (known after apply)
      [32m+[0m[0m comment                     = "Managed by Terraform"
      [32m+[0m[0m enable_accelerated_recovery = (known after apply)
      [32m+[0m[0m force_destroy               = false
      [32m+[0m[0m id                          = (known after apply)
      [32m+[0m[0m name                        = (known after apply)
      [32m+[0m[0m name_servers                = (known after apply)
      [32m+[0m[0m primary_name_server         = (known after apply)
      [32m+[0m[0m tags                        = {
          [32m+[0m[0m "ManagedBy" = "Terraform Cloud"
          [32m+[0m[0m "Name"      = "Centralized Confluent PrivateLink PHZ"
          [32m+[0m[0m "Purpose"   = "DNS for all Confluent clusters via PrivateLink"
        }
      [32m+[0m[0m tags_all                    = {
          [32m+[0m[0m "ManagedBy" = "Terraform Cloud"
          [32m+[0m[0m "Name"      = "Centralized Confluent PrivateLink PHZ"
          [32m+[0m[0m "Purpose"   = "DNS for all Confluent clusters via PrivateLink"
        }
      [32m+[0m[0m zone_id                     = (known after apply)

      [32m+[0m[0m vpc {
          [32m+[0m[0m vpc_id     = "vpc-038c1b74d6af38ab1"
          [32m+[0m[0m vpc_region = (known after apply)
        }
    }

[1m  # aws_route53_zone_association.confluent_to_dns_vpc[0m will be created
[0m  [32m+[0m[0m resource "aws_route53_zone_association" "confluent_to_dns_vpc" {
      [32m+[0m[0m id             = (known after apply)
      [32m+[0m[0m owning_account = (known after apply)
      [32m+[0m[0m vpc_id         = "vpc-03df576381291864f"
      [32m+[0m[0m vpc_region     = (known after apply)
      [32m+[0m[0m zone_id        = (known after apply)
    }

[1m  # aws_route53_zone_association.confluent_to_vpn_vpc[0m will be created
[0m  [32m+[0m[0m resource "aws_route53_zone_association" "confluent_to_vpn_vpc" {
      [32m+[0m[0m id             = (known after apply)
      [32m+[0m[0m owning_account = (known after apply)
      [32m+[0m[0m vpc_id         = "vpc-0895b7b4fba2ec0d6"
      [32m+[0m[0m vpc_region     = (known after apply)
      [32m+[0m[0m zone_id        = (known after apply)
    }

[1m  # confluent_environment.non_prod[0m will be created
[0m  [32m+[0m[0m resource "confluent_environment" "non_prod" {
      [32m+[0m[0m display_name  = "non-prod"
      [32m+[0m[0m id            = (known after apply)
      [32m+[0m[0m resource_name = (known after apply)

      [32m+[0m[0m stream_governance {
          [32m+[0m[0m package = "ESSENTIALS"
        }
    }

[1m  # confluent_private_link_attachment.non_prod[0m will be created
[0m  [32m+[0m[0m resource "confluent_private_link_attachment" "non_prod" {
      [32m+[0m[0m aws           = (known after apply)
      [32m+[0m[0m azure         = (known after apply)
      [32m+[0m[0m cloud         = "AWS"
      [32m+[0m[0m display_name  = "non-prod-aws-platt"
      [32m+[0m[0m dns_domain    = (known after apply)
      [32m+[0m[0m gcp           = (known after apply)
      [32m+[0m[0m id            = (known after apply)
      [32m+[0m[0m region        = "us-east-1"
      [32m+[0m[0m resource_name = (known after apply)

      [32m+[0m[0m environment {
          [32m+[0m[0m id = (known after apply)
        }
    }

[1m  # tfe_agent_pool_allowed_workspaces.agent-pool-allowed-workspaces[0m will be created
[0m  [32m+[0m[0m resource "tfe_agent_pool_allowed_workspaces" "agent-pool-allowed-workspaces" {
      [32m+[0m[0m agent_pool_id         = "apool-o3yksHPJ7DUaH6a6"
      [32m+[0m[0m allowed_workspace_ids = [
          [32m+[0m[0m "ws-pop9h2dgKMWURFnk",
        ]
      [32m+[0m[0m id                    = (known after apply)
    }

[1m  # tfe_workspace_settings.workspace_settings[0m will be created
[0m  [32m+[0m[0m resource "tfe_workspace_settings" "workspace_settings" {
      [32m+[0m[0m agent_pool_id             = "apool-o3yksHPJ7DUaH6a6"
      [32m+[0m[0m assessments_enabled       = (known after apply)
      [32m+[0m[0m auto_apply                = (known after apply)
      [32m+[0m[0m description               = (known after apply)
      [32m+[0m[0m effective_tags            = (known after apply)
      [32m+[0m[0m execution_mode            = "agent"
      [32m+[0m[0m global_remote_state       = (known after apply)
      [32m+[0m[0m id                        = (known after apply)
      [32m+[0m[0m overwrites                = (known after apply)
      [32m+[0m[0m remote_state_consumer_ids = (known after apply)
      [32m+[0m[0m tags                      = (known after apply)
      [32m+[0m[0m workspace_id              = "ws-pop9h2dgKMWURFnk"
    }

[1m  # time_sleep.wait_for_dns[0m will be created
[0m  [32m+[0m[0m resource "time_sleep" "wait_for_dns" {
      [32m+[0m[0m create_duration = "2m"
      [32m+[0m[0m id              = (known after apply)
    }

[1m  # module.sandbox_vpc_privatelink.data.aws_availability_zones.available[0m will be read during apply
  # (depends on a resource or a module with changes pending)
[0m [36m<=[0m[0m data "aws_availability_zones" "available" {
      [32m+[0m[0m group_names = (known after apply)
      [32m+[0m[0m id          = (known after apply)
      [32m+[0m[0m names       = (known after apply)
      [32m+[0m[0m region      = (known after apply)
      [32m+[0m[0m state       = "available"
      [32m+[0m[0m zone_ids    = (known after apply)
    }

[1m  # module.sandbox_vpc_privatelink.data.aws_route53_zone.shared_phz[0m will be read during apply
  # (config refers to values not yet known)
[0m [36m<=[0m[0m data "aws_route53_zone" "shared_phz" {
      [32m+[0m[0m arn                        = (known after apply)
      [32m+[0m[0m caller_reference           = (known after apply)
      [32m+[0m[0m comment                    = (known after apply)
      [32m+[0m[0m id                         = (known after apply)
      [32m+[0m[0m linked_service_description = (known after apply)
      [32m+[0m[0m linked_service_principal   = (known after apply)
      [32m+[0m[0m name                       = (known after apply)
      [32m+[0m[0m name_servers               = (known after apply)
      [32m+[0m[0m primary_name_server        = (known after apply)
      [32m+[0m[0m resource_record_set_count  = (known after apply)
      [32m+[0m[0m tags                       = (known after apply)
      [32m+[0m[0m zone_id                    = (known after apply)
    }

[1m  # module.sandbox_vpc_privatelink.data.confluent_environment.privatelink[0m will be read during apply
  # (config refers to values not yet known)
[0m [36m<=[0m[0m data "confluent_environment" "privatelink" {
      [32m+[0m[0m display_name  = (known after apply)
      [32m+[0m[0m id            = (known after apply)
      [32m+[0m[0m resource_name = (known after apply)
    }

[1m  # module.sandbox_vpc_privatelink.aws_ec2_transit_gateway_route_table_association.privatelink[0m will be created
[0m  [32m+[0m[0m resource "aws_ec2_transit_gateway_route_table_association" "privatelink" {
      [32m+[0m[0m id                             = (known after apply)
      [32m+[0m[0m region                         = "us-east-1"
      [32m+[0m[0m replace_existing_association   = false
      [32m+[0m[0m resource_id                    = (known after apply)
      [32m+[0m[0m resource_type                  = (known after apply)
      [32m+[0m[0m transit_gateway_attachment_id  = (known after apply)
      [32m+[0m[0m transit_gateway_route_table_id = "tgw-rtb-0969b9f665422e95c"
    }

[1m  # module.sandbox_vpc_privatelink.aws_ec2_transit_gateway_route_table_propagation.privatelink[0m will be created
[0m  [32m+[0m[0m resource "aws_ec2_transit_gateway_route_table_propagation" "privatelink" {
      [32m+[0m[0m id                             = (known after apply)
      [32m+[0m[0m region                         = "us-east-1"
      [32m+[0m[0m resource_id                    = (known after apply)
      [32m+[0m[0m resource_type                  = (known after apply)
      [32m+[0m[0m transit_gateway_attachment_id  = (known after apply)
      [32m+[0m[0m transit_gateway_route_table_id = "tgw-rtb-0969b9f665422e95c"
    }

[1m  # module.sandbox_vpc_privatelink.aws_ec2_transit_gateway_vpc_attachment.privatelink[0m will be created
[0m  [32m+[0m[0m resource "aws_ec2_transit_gateway_vpc_attachment" "privatelink" {
      [32m+[0m[0m appliance_mode_support                          = "disable"
      [32m+[0m[0m arn                                             = (known after apply)
      [32m+[0m[0m dns_support                                     = "enable"
      [32m+[0m[0m id                                              = (known after apply)
      [32m+[0m[0m ipv6_support                                    = "disable"
      [32m+[0m[0m region                                          = "us-east-1"
      [32m+[0m[0m security_group_referencing_support              = (known after apply)
      [32m+[0m[0m subnet_ids                                      = (known after apply)
      [32m+[0m[0m tags                                            = (known after apply)
      [32m+[0m[0m tags_all                                        = (known after apply)
      [32m+[0m[0m transit_gateway_default_route_table_association = (known after apply)
      [32m+[0m[0m transit_gateway_default_route_table_propagation = (known after apply)
      [32m+[0m[0m transit_gateway_id                              = "tgw-0ea7a7c37a74e064a"
      [32m+[0m[0m vpc_id                                          = (known after apply)
      [32m+[0m[0m vpc_owner_id                                    = (known after apply)
    }

[1m  # module.sandbox_vpc_privatelink.aws_route.privatelink_to_dns[0][0m will be created
[0m  [32m+[0m[0m resource "aws_route" "privatelink_to_dns" {
      [32m+[0m[0m destination_cidr_block = "10.255.0.0/24"
      [32m+[0m[0m id                     = (known after apply)
      [32m+[0m[0m instance_id            = (known after apply)
      [32m+[0m[0m instance_owner_id      = (known after apply)
      [32m+[0m[0m network_interface_id   = (known after apply)
      [32m+[0m[0m origin                 = (known after apply)
      [32m+[0m[0m region                 = "us-east-1"
      [32m+[0m[0m route_table_id         = (known after apply)
      [32m+[0m[0m state                  = (known after apply)
      [32m+[0m[0m transit_gateway_id     = "tgw-0ea7a7c37a74e064a"
    }

[1m  # module.sandbox_vpc_privatelink.aws_route.privatelink_to_dns[1][0m will be created
[0m  [32m+[0m[0m resource "aws_route" "privatelink_to_dns" {
      [32m+[0m[0m destination_cidr_block = "10.255.0.0/24"
      [32m+[0m[0m id                     = (known after apply)
      [32m+[0m[0m instance_id            = (known after apply)
      [32m+[0m[0m instance_owner_id      = (known after apply)
      [32m+[0m[0m network_interface_id   = (known after apply)
      [32m+[0m[0m origin                 = (known after apply)
      [32m+[0m[0m region                 = "us-east-1"
      [32m+[0m[0m route_table_id         = (known after apply)
      [32m+[0m[0m state                  = (known after apply)
      [32m+[0m[0m transit_gateway_id     = "tgw-0ea7a7c37a74e064a"
    }

[1m  # module.sandbox_vpc_privatelink.aws_route.privatelink_to_dns[2][0m will be created
[0m  [32m+[0m[0m resource "aws_route" "privatelink_to_dns" {
      [32m+[0m[0m destination_cidr_block = "10.255.0.0/24"
      [32m+[0m[0m id                     = (known after apply)
      [32m+[0m[0m instance_id            = (known after apply)
      [32m+[0m[0m instance_owner_id      = (known after apply)
      [32m+[0m[0m network_interface_id   = (known after apply)
      [32m+[0m[0m origin                 = (known after apply)
      [32m+[0m[0m region                 = "us-east-1"
      [32m+[0m[0m route_table_id         = (known after apply)
      [32m+[0m[0m state                  = (known after apply)
      [32m+[0m[0m transit_gateway_id     = "tgw-0ea7a7c37a74e064a"
    }

[1m  # module.sandbox_vpc_privatelink.aws_route.privatelink_to_tfc_agent[0][0m will be created
[0m  [32m+[0m[0m resource "aws_route" "privatelink_to_tfc_agent" {
      [32m+[0m[0m destination_cidr_block = "10.2.0.0/20"
      [32m+[0m[0m id                     = (known after apply)
      [32m+[0m[0m instance_id            = (known after apply)
      [32m+[0m[0m instance_owner_id      = (known after apply)
      [32m+[0m[0m network_interface_id   = (known after apply)
      [32m+[0m[0m origin                 = (known after apply)
      [32m+[0m[0m region                 = "us-east-1"
      [32m+[0m[0m route_table_id         = (known after apply)
      [32m+[0m[0m state                  = (known after apply)
      [32m+[0m[0m transit_gateway_id     = "tgw-0ea7a7c37a74e064a"
    }

[1m  # module.sandbox_vpc_privatelink.aws_route.privatelink_to_tfc_agent[1][0m will be created
[0m  [32m+[0m[0m resource "aws_route" "privatelink_to_tfc_agent" {
      [32m+[0m[0m destination_cidr_block = "10.2.0.0/20"
      [32m+[0m[0m id                     = (known after apply)
      [32m+[0m[0m instance_id            = (known after apply)
      [32m+[0m[0m instance_owner_id      = (known after apply)
      [32m+[0m[0m network_interface_id   = (known after apply)
      [32m+[0m[0m origin                 = (known after apply)
      [32m+[0m[0m region                 = "us-east-1"
      [32m+[0m[0m route_table_id         = (known after apply)
      [32m+[0m[0m state                  = (known after apply)
      [32m+[0m[0m transit_gateway_id     = "tgw-0ea7a7c37a74e064a"
    }

[1m  # module.sandbox_vpc_privatelink.aws_route.privatelink_to_tfc_agent[2][0m will be created
[0m  [32m+[0m[0m resource "aws_route" "privatelink_to_tfc_agent" {
      [32m+[0m[0m destination_cidr_block = "10.2.0.0/20"
      [32m+[0m[0m id                     = (known after apply)
      [32m+[0m[0m instance_id            = (known after apply)
      [32m+[0m[0m instance_owner_id      = (known after apply)
      [32m+[0m[0m network_interface_id   = (known after apply)
      [32m+[0m[0m origin                 = (known after apply)
      [32m+[0m[0m region                 = "us-east-1"
      [32m+[0m[0m route_table_id         = (known after apply)
      [32m+[0m[0m state                  = (known after apply)
      [32m+[0m[0m transit_gateway_id     = "tgw-0ea7a7c37a74e064a"
    }

[1m  # module.sandbox_vpc_privatelink.aws_route.privatelink_to_vpn_client[0][0m will be created
[0m  [32m+[0m[0m resource "aws_route" "privatelink_to_vpn_client" {
      [32m+[0m[0m destination_cidr_block = "10.200.0.0/22"
      [32m+[0m[0m id                     = (known after apply)
      [32m+[0m[0m instance_id            = (known after apply)
      [32m+[0m[0m instance_owner_id      = (known after apply)
      [32m+[0m[0m network_interface_id   = (known after apply)
      [32m+[0m[0m origin                 = (known after apply)
      [32m+[0m[0m region                 = "us-east-1"
      [32m+[0m[0m route_table_id         = (known after apply)
      [32m+[0m[0m state                  = (known after apply)
      [32m+[0m[0m transit_gateway_id     = "tgw-0ea7a7c37a74e064a"
    }

[1m  # module.sandbox_vpc_privatelink.aws_route.privatelink_to_vpn_client[1][0m will be created
[0m  [32m+[0m[0m resource "aws_route" "privatelink_to_vpn_client" {
      [32m+[0m[0m destination_cidr_block = "10.200.0.0/22"
      [32m+[0m[0m id                     = (known after apply)
      [32m+[0m[0m instance_id            = (known after apply)
      [32m+[0m[0m instance_owner_id      = (known after apply)
      [32m+[0m[0m network_interface_id   = (known after apply)
      [32m+[0m[0m origin                 = (known after apply)
      [32m+[0m[0m region                 = "us-east-1"
      [32m+[0m[0m route_table_id         = (known after apply)
      [32m+[0m[0m state                  = (known after apply)
      [32m+[0m[0m transit_gateway_id     = "tgw-0ea7a7c37a74e064a"
    }

[1m  # module.sandbox_vpc_privatelink.aws_route.privatelink_to_vpn_client[2][0m will be created
[0m  [32m+[0m[0m resource "aws_route" "privatelink_to_vpn_client" {
      [32m+[0m[0m destination_cidr_block = "10.200.0.0/22"
      [32m+[0m[0m id                     = (known after apply)
      [32m+[0m[0m instance_id            = (known after apply)
      [32m+[0m[0m instance_owner_id      = (known after apply)
      [32m+[0m[0m network_interface_id   = (known after apply)
      [32m+[0m[0m origin                 = (known after apply)
      [32m+[0m[0m region                 = "us-east-1"
      [32m+[0m[0m route_table_id         = (known after apply)
      [32m+[0m[0m state                  = (known after apply)
      [32m+[0m[0m transit_gateway_id     = "tgw-0ea7a7c37a74e064a"
    }

[1m  # module.sandbox_vpc_privatelink.aws_route.privatelink_to_vpn_vpc[0][0m will be created
[0m  [32m+[0m[0m resource "aws_route" "privatelink_to_vpn_vpc" {
      [32m+[0m[0m destination_cidr_block = "10.100.0.0/22"
      [32m+[0m[0m id                     = (known after apply)
      [32m+[0m[0m instance_id            = (known after apply)
      [32m+[0m[0m instance_owner_id      = (known after apply)
      [32m+[0m[0m network_interface_id   = (known after apply)
      [32m+[0m[0m origin                 = (known after apply)
      [32m+[0m[0m region                 = "us-east-1"
      [32m+[0m[0m route_table_id         = (known after apply)
      [32m+[0m[0m state                  = (known after apply)
      [32m+[0m[0m transit_gateway_id     = "tgw-0ea7a7c37a74e064a"
    }

[1m  # module.sandbox_vpc_privatelink.aws_route.privatelink_to_vpn_vpc[1][0m will be created
[0m  [32m+[0m[0m resource "aws_route" "privatelink_to_vpn_vpc" {
      [32m+[0m[0m destination_cidr_block = "10.100.0.0/22"
      [32m+[0m[0m id                     = (known after apply)
      [32m+[0m[0m instance_id            = (known after apply)
      [32m+[0m[0m instance_owner_id      = (known after apply)
      [32m+[0m[0m network_interface_id   = (known after apply)
      [32m+[0m[0m origin                 = (known after apply)
      [32m+[0m[0m region                 = "us-east-1"
      [32m+[0m[0m route_table_id         = (known after apply)
      [32m+[0m[0m state                  = (known after apply)
      [32m+[0m[0m transit_gateway_id     = "tgw-0ea7a7c37a74e064a"
    }

[1m  # module.sandbox_vpc_privatelink.aws_route.privatelink_to_vpn_vpc[2][0m will be created
[0m  [32m+[0m[0m resource "aws_route" "privatelink_to_vpn_vpc" {
      [32m+[0m[0m destination_cidr_block = "10.100.0.0/22"
      [32m+[0m[0m id                     = (known after apply)
      [32m+[0m[0m instance_id            = (known after apply)
      [32m+[0m[0m instance_owner_id      = (known after apply)
      [32m+[0m[0m network_interface_id   = (known after apply)
      [32m+[0m[0m origin                 = (known after apply)
      [32m+[0m[0m region                 = "us-east-1"
      [32m+[0m[0m route_table_id         = (known after apply)
      [32m+[0m[0m state                  = (known after apply)
      [32m+[0m[0m transit_gateway_id     = "tgw-0ea7a7c37a74e064a"
    }

[1m  # module.sandbox_vpc_privatelink.aws_route53_zone_association.local_vpc[0m will be created
[0m  [32m+[0m[0m resource "aws_route53_zone_association" "local_vpc" {
      [32m+[0m[0m id             = (known after apply)
      [32m+[0m[0m owning_account = (known after apply)
      [32m+[0m[0m vpc_id         = (known after apply)
      [32m+[0m[0m vpc_region     = (known after apply)
      [32m+[0m[0m zone_id        = (known after apply)
    }

[1m  # module.sandbox_vpc_privatelink.aws_route_table.private[0][0m will be created
[0m  [32m+[0m[0m resource "aws_route_table" "private" {
      [32m+[0m[0m arn              = (known after apply)
      [32m+[0m[0m id               = (known after apply)
      [32m+[0m[0m owner_id         = (known after apply)
      [32m+[0m[0m propagating_vgws = (known after apply)
      [32m+[0m[0m region           = "us-east-1"
      [32m+[0m[0m route            = (known after apply)
      [32m+[0m[0m tags             = {
          [32m+[0m[0m "Name" = "sandbox-non-prod-private-rt-1"
        }
      [32m+[0m[0m tags_all         = {
          [32m+[0m[0m "Name" = "sandbox-non-prod-private-rt-1"
        }
      [32m+[0m[0m vpc_id           = (known after apply)
    }

[1m  # module.sandbox_vpc_privatelink.aws_route_table.private[1][0m will be created
[0m  [32m+[0m[0m resource "aws_route_table" "private" {
      [32m+[0m[0m arn              = (known after apply)
      [32m+[0m[0m id               = (known after apply)
      [32m+[0m[0m owner_id         = (known after apply)
      [32m+[0m[0m propagating_vgws = (known after apply)
      [32m+[0m[0m region           = "us-east-1"
      [32m+[0m[0m route            = (known after apply)
      [32m+[0m[0m tags             = {
          [32m+[0m[0m "Name" = "sandbox-non-prod-private-rt-2"
        }
      [32m+[0m[0m tags_all         = {
          [32m+[0m[0m "Name" = "sandbox-non-prod-private-rt-2"
        }
      [32m+[0m[0m vpc_id           = (known after apply)
    }

[1m  # module.sandbox_vpc_privatelink.aws_route_table.private[2][0m will be created
[0m  [32m+[0m[0m resource "aws_route_table" "private" {
      [32m+[0m[0m arn              = (known after apply)
      [32m+[0m[0m id               = (known after apply)
      [32m+[0m[0m owner_id         = (known after apply)
      [32m+[0m[0m propagating_vgws = (known after apply)
      [32m+[0m[0m region           = "us-east-1"
      [32m+[0m[0m route            = (known after apply)
      [32m+[0m[0m tags             = {
          [32m+[0m[0m "Name" = "sandbox-non-prod-private-rt-3"
        }
      [32m+[0m[0m tags_all         = {
          [32m+[0m[0m "Name" = "sandbox-non-prod-private-rt-3"
        }
      [32m+[0m[0m vpc_id           = (known after apply)
    }

[1m  # module.sandbox_vpc_privatelink.aws_route_table_association.private[0][0m will be created
[0m  [32m+[0m[0m resource "aws_route_table_association" "private" {
      [32m+[0m[0m id             = (known after apply)
      [32m+[0m[0m region         = "us-east-1"
      [32m+[0m[0m route_table_id = (known after apply)
      [32m+[0m[0m subnet_id      = (known after apply)
    }

[1m  # module.sandbox_vpc_privatelink.aws_route_table_association.private[1][0m will be created
[0m  [32m+[0m[0m resource "aws_route_table_association" "private" {
      [32m+[0m[0m id             = (known after apply)
      [32m+[0m[0m region         = "us-east-1"
      [32m+[0m[0m route_table_id = (known after apply)
      [32m+[0m[0m subnet_id      = (known after apply)
    }

[1m  # module.sandbox_vpc_privatelink.aws_route_table_association.private[2][0m will be created
[0m  [32m+[0m[0m resource "aws_route_table_association" "private" {
      [32m+[0m[0m id             = (known after apply)
      [32m+[0m[0m region         = "us-east-1"
      [32m+[0m[0m route_table_id = (known after apply)
      [32m+[0m[0m subnet_id      = (known after apply)
    }

[1m  # module.sandbox_vpc_privatelink.aws_security_group.privatelink[0m will be created
[0m  [32m+[0m[0m resource "aws_security_group" "privatelink" {
      [32m+[0m[0m arn                    = (known after apply)
      [32m+[0m[0m description            = (known after apply)
      [32m+[0m[0m egress                 = (known after apply)
      [32m+[0m[0m id                     = (known after apply)
      [32m+[0m[0m ingress                = (known after apply)
      [32m+[0m[0m name                   = (known after apply)
      [32m+[0m[0m name_prefix            = (known after apply)
      [32m+[0m[0m owner_id               = (known after apply)
      [32m+[0m[0m region                 = "us-east-1"
      [32m+[0m[0m revoke_rules_on_delete = false
      [32m+[0m[0m tags                   = (known after apply)
      [32m+[0m[0m tags_all               = (known after apply)
      [32m+[0m[0m vpc_id                 = (known after apply)
    }

[1m  # module.sandbox_vpc_privatelink.aws_security_group_rule.allow_dns_tcp[0m will be created
[0m  [32m+[0m[0m resource "aws_security_group_rule" "allow_dns_tcp" {
      [32m+[0m[0m cidr_blocks              = [
          [32m+[0m[0m "10.2.0.0/20",
          [32m+[0m[0m "10.100.0.0/22",
          [32m+[0m[0m "10.200.0.0/22",
          [32m+[0m[0m "10.0.0.0/20",
        ]
      [32m+[0m[0m description              = "DNS (TCP) from VPC, TFC Agent VPCs, and VPN clients"
      [32m+[0m[0m from_port                = 53
      [32m+[0m[0m id                       = (known after apply)
      [32m+[0m[0m protocol                 = "tcp"
      [32m+[0m[0m region                   = "us-east-1"
      [32m+[0m[0m security_group_id        = (known after apply)
      [32m+[0m[0m security_group_rule_id   = (known after apply)
      [32m+[0m[0m self                     = false
      [32m+[0m[0m source_security_group_id = (known after apply)
      [32m+[0m[0m to_port                  = 53
      [32m+[0m[0m type                     = "ingress"
    }

[1m  # module.sandbox_vpc_privatelink.aws_security_group_rule.allow_dns_udp[0m will be created
[0m  [32m+[0m[0m resource "aws_security_group_rule" "allow_dns_udp" {
      [32m+[0m[0m cidr_blocks              = [
          [32m+[0m[0m "10.2.0.0/20",
          [32m+[0m[0m "10.100.0.0/22",
          [32m+[0m[0m "10.200.0.0/22",
          [32m+[0m[0m "10.0.0.0/20",
        ]
      [32m+[0m[0m description              = "DNS (UDP) from VPC, TFC Agent VPCs, and VPN clients"
      [32m+[0m[0m from_port                = 53
      [32m+[0m[0m id                       = (known after apply)
      [32m+[0m[0m protocol                 = "udp"
      [32m+[0m[0m region                   = "us-east-1"
      [32m+[0m[0m security_group_id        = (known after apply)
      [32m+[0m[0m security_group_rule_id   = (known after apply)
      [32m+[0m[0m self                     = false
      [32m+[0m[0m source_security_group_id = (known after apply)
      [32m+[0m[0m to_port                  = 53
      [32m+[0m[0m type                     = "ingress"
    }

[1m  # module.sandbox_vpc_privatelink.aws_security_group_rule.allow_https[0m will be created
[0m  [32m+[0m[0m resource "aws_security_group_rule" "allow_https" {
      [32m+[0m[0m cidr_blocks              = [
          [32m+[0m[0m "10.2.0.0/20",
          [32m+[0m[0m "10.100.0.0/22",
          [32m+[0m[0m "10.200.0.0/22",
          [32m+[0m[0m "10.0.0.0/20",
        ]
      [32m+[0m[0m description              = "HTTPS from VPC, TFC Agent VPCs, and VPN clients"
      [32m+[0m[0m from_port                = 443
      [32m+[0m[0m id                       = (known after apply)
      [32m+[0m[0m protocol                 = "tcp"
      [32m+[0m[0m region                   = "us-east-1"
      [32m+[0m[0m security_group_id        = (known after apply)
      [32m+[0m[0m security_group_rule_id   = (known after apply)
      [32m+[0m[0m self                     = false
      [32m+[0m[0m source_security_group_id = (known after apply)
      [32m+[0m[0m to_port                  = 443
      [32m+[0m[0m type                     = "ingress"
    }

[1m  # module.sandbox_vpc_privatelink.aws_security_group_rule.allow_kafka[0m will be created
[0m  [32m+[0m[0m resource "aws_security_group_rule" "allow_kafka" {
      [32m+[0m[0m cidr_blocks              = [
          [32m+[0m[0m "10.2.0.0/20",
          [32m+[0m[0m "10.100.0.0/22",
          [32m+[0m[0m "10.200.0.0/22",
          [32m+[0m[0m "10.0.0.0/20",
        ]
      [32m+[0m[0m description              = "Kafka from VPC, TFC Agent VPCs, and VPN clients"
      [32m+[0m[0m from_port                = 9092
      [32m+[0m[0m id                       = (known after apply)
      [32m+[0m[0m protocol                 = "tcp"
      [32m+[0m[0m region                   = "us-east-1"
      [32m+[0m[0m security_group_id        = (known after apply)
      [32m+[0m[0m security_group_rule_id   = (known after apply)
      [32m+[0m[0m self                     = false
      [32m+[0m[0m source_security_group_id = (known after apply)
      [32m+[0m[0m to_port                  = 9092
      [32m+[0m[0m type                     = "ingress"
    }

[1m  # module.sandbox_vpc_privatelink.aws_subnet.private[0][0m will be created
[0m  [32m+[0m[0m resource "aws_subnet" "private" {
      [32m+[0m[0m arn                                            = (known after apply)
      [32m+[0m[0m assign_ipv6_address_on_creation                = false
      [32m+[0m[0m availability_zone                              = (known after apply)
      [32m+[0m[0m availability_zone_id                           = (known after apply)
      [32m+[0m[0m cidr_block                                     = "10.0.0.0/24"
      [32m+[0m[0m enable_dns64                                   = false
      [32m+[0m[0m enable_resource_name_dns_a_record_on_launch    = false
      [32m+[0m[0m enable_resource_name_dns_aaaa_record_on_launch = false
      [32m+[0m[0m id                                             = (known after apply)
      [32m+[0m[0m ipv6_cidr_block                                = (known after apply)
      [32m+[0m[0m ipv6_cidr_block_association_id                 = (known after apply)
      [32m+[0m[0m ipv6_native                                    = false
      [32m+[0m[0m map_public_ip_on_launch                        = false
      [32m+[0m[0m owner_id                                       = (known after apply)
      [32m+[0m[0m private_dns_hostname_type_on_launch            = (known after apply)
      [32m+[0m[0m region                                         = "us-east-1"
      [32m+[0m[0m tags                                           = (known after apply)
      [32m+[0m[0m tags_all                                       = (known after apply)
      [32m+[0m[0m vpc_id                                         = (known after apply)
    }

[1m  # module.sandbox_vpc_privatelink.aws_subnet.private[1][0m will be created
[0m  [32m+[0m[0m resource "aws_subnet" "private" {
      [32m+[0m[0m arn                                            = (known after apply)
      [32m+[0m[0m assign_ipv6_address_on_creation                = false
      [32m+[0m[0m availability_zone                              = (known after apply)
      [32m+[0m[0m availability_zone_id                           = (known after apply)
      [32m+[0m[0m cidr_block                                     = "10.0.1.0/24"
      [32m+[0m[0m enable_dns64                                   = false
      [32m+[0m[0m enable_resource_name_dns_a_record_on_launch    = false
      [32m+[0m[0m enable_resource_name_dns_aaaa_record_on_launch = false
      [32m+[0m[0m id                                             = (known after apply)
      [32m+[0m[0m ipv6_cidr_block                                = (known after apply)
      [32m+[0m[0m ipv6_cidr_block_association_id                 = (known after apply)
      [32m+[0m[0m ipv6_native                                    = false
      [32m+[0m[0m map_public_ip_on_launch                        = false
      [32m+[0m[0m owner_id                                       = (known after apply)
      [32m+[0m[0m private_dns_hostname_type_on_launch            = (known after apply)
      [32m+[0m[0m region                                         = "us-east-1"
      [32m+[0m[0m tags                                           = (known after apply)
      [32m+[0m[0m tags_all                                       = (known after apply)
      [32m+[0m[0m vpc_id                                         = (known after apply)
    }

[1m  # module.sandbox_vpc_privatelink.aws_subnet.private[2][0m will be created
[0m  [32m+[0m[0m resource "aws_subnet" "private" {
      [32m+[0m[0m arn                                            = (known after apply)
      [32m+[0m[0m assign_ipv6_address_on_creation                = false
      [32m+[0m[0m availability_zone                              = (known after apply)
      [32m+[0m[0m availability_zone_id                           = (known after apply)
      [32m+[0m[0m cidr_block                                     = "10.0.2.0/24"
      [32m+[0m[0m enable_dns64                                   = false
      [32m+[0m[0m enable_resource_name_dns_a_record_on_launch    = false
      [32m+[0m[0m enable_resource_name_dns_aaaa_record_on_launch = false
      [32m+[0m[0m id                                             = (known after apply)
      [32m+[0m[0m ipv6_cidr_block                                = (known after apply)
      [32m+[0m[0m ipv6_cidr_block_association_id                 = (known after apply)
      [32m+[0m[0m ipv6_native                                    = false
      [32m+[0m[0m map_public_ip_on_launch                        = false
      [32m+[0m[0m owner_id                                       = (known after apply)
      [32m+[0m[0m private_dns_hostname_type_on_launch            = (known after apply)
      [32m+[0m[0m region                                         = "us-east-1"
      [32m+[0m[0m tags                                           = (known after apply)
      [32m+[0m[0m tags_all                                       = (known after apply)
      [32m+[0m[0m vpc_id                                         = (known after apply)
    }

[1m  # module.sandbox_vpc_privatelink.aws_vpc.privatelink[0m will be created
[0m  [32m+[0m[0m resource "aws_vpc" "privatelink" {
      [32m+[0m[0m arn                                  = (known after apply)
      [32m+[0m[0m cidr_block                           = "10.0.0.0/20"
      [32m+[0m[0m default_network_acl_id               = (known after apply)
      [32m+[0m[0m default_route_table_id               = (known after apply)
      [32m+[0m[0m default_security_group_id            = (known after apply)
      [32m+[0m[0m dhcp_options_id                      = (known after apply)
      [32m+[0m[0m enable_dns_hostnames                 = true
      [32m+[0m[0m enable_dns_support                   = true
      [32m+[0m[0m enable_network_address_usage_metrics = (known after apply)
      [32m+[0m[0m id                                   = (known after apply)
      [32m+[0m[0m instance_tenancy                     = "default"
      [32m+[0m[0m ipv6_association_id                  = (known after apply)
      [32m+[0m[0m ipv6_cidr_block                      = (known after apply)
      [32m+[0m[0m ipv6_cidr_block_network_border_group = (known after apply)
      [32m+[0m[0m main_route_table_id                  = (known after apply)
      [32m+[0m[0m owner_id                             = (known after apply)
      [32m+[0m[0m region                               = "us-east-1"
      [32m+[0m[0m tags                                 = {
          [32m+[0m[0m "Name" = "sandbox-non-prod"
        }
      [32m+[0m[0m tags_all                             = {
          [32m+[0m[0m "Name" = "sandbox-non-prod"
        }
    }

[1m  # module.sandbox_vpc_privatelink.aws_vpc_endpoint.privatelink[0m will be created
[0m  [32m+[0m[0m resource "aws_vpc_endpoint" "privatelink" {
      [32m+[0m[0m arn                   = (known after apply)
      [32m+[0m[0m cidr_blocks           = (known after apply)
      [32m+[0m[0m dns_entry             = (known after apply)
      [32m+[0m[0m id                    = (known after apply)
      [32m+[0m[0m ip_address_type       = (known after apply)
      [32m+[0m[0m network_interface_ids = (known after apply)
      [32m+[0m[0m owner_id              = (known after apply)
      [32m+[0m[0m policy                = (known after apply)
      [32m+[0m[0m prefix_list_id        = (known after apply)
      [32m+[0m[0m private_dns_enabled   = false
      [32m+[0m[0m region                = "us-east-1"
      [32m+[0m[0m requester_managed     = (known after apply)
      [32m+[0m[0m route_table_ids       = (known after apply)
      [32m+[0m[0m security_group_ids    = (known after apply)
      [32m+[0m[0m service_name          = (known after apply)
      [32m+[0m[0m service_region        = (known after apply)
      [32m+[0m[0m state                 = (known after apply)
      [32m+[0m[0m subnet_ids            = (known after apply)
      [32m+[0m[0m tags                  = (known after apply)
      [32m+[0m[0m tags_all              = (known after apply)
      [32m+[0m[0m vpc_endpoint_type     = "Interface"
      [32m+[0m[0m vpc_id                = (known after apply)

      [32m+[0m[0m dns_options (known after apply)

      [32m+[0m[0m subnet_configuration (known after apply)
    }

[1m  # module.sandbox_vpc_privatelink.confluent_private_link_attachment_connection.privatelink[0m will be created
[0m  [32m+[0m[0m resource "confluent_private_link_attachment_connection" "privatelink" {
      [32m+[0m[0m display_name  = (known after apply)
      [32m+[0m[0m id            = (known after apply)
      [32m+[0m[0m resource_name = (known after apply)

      [32m+[0m[0m aws {
          [32m+[0m[0m vpc_endpoint_id = (known after apply)
        }

      [32m+[0m[0m environment {
          [32m+[0m[0m id = (known after apply)
        }

      [32m+[0m[0m private_link_attachment {
          [32m+[0m[0m id = (known after apply)
        }
    }

[1m  # module.sandbox_vpc_privatelink.time_sleep.wait_for_zone_associations[0m will be created
[0m  [32m+[0m[0m resource "time_sleep" "wait_for_zone_associations" {
      [32m+[0m[0m create_duration = "1m"
      [32m+[0m[0m id              = (known after apply)
    }

[1m  # module.shared_vpc_privatelink.data.aws_availability_zones.available[0m will be read during apply
  # (depends on a resource or a module with changes pending)
[0m [36m<=[0m[0m data "aws_availability_zones" "available" {
      [32m+[0m[0m group_names = (known after apply)
      [32m+[0m[0m id          = (known after apply)
      [32m+[0m[0m names       = (known after apply)
      [32m+[0m[0m region      = (known after apply)
      [32m+[0m[0m state       = "available"
      [32m+[0m[0m zone_ids    = (known after apply)
    }

[1m  # module.shared_vpc_privatelink.data.aws_route53_zone.shared_phz[0m will be read during apply
  # (config refers to values not yet known)
[0m [36m<=[0m[0m data "aws_route53_zone" "shared_phz" {
      [32m+[0m[0m arn                        = (known after apply)
      [32m+[0m[0m caller_reference           = (known after apply)
      [32m+[0m[0m comment                    = (known after apply)
      [32m+[0m[0m id                         = (known after apply)
      [32m+[0m[0m linked_service_description = (known after apply)
      [32m+[0m[0m linked_service_principal   = (known after apply)
      [32m+[0m[0m name                       = (known after apply)
      [32m+[0m[0m name_servers               = (known after apply)
      [32m+[0m[0m primary_name_server        = (known after apply)
      [32m+[0m[0m resource_record_set_count  = (known after apply)
      [32m+[0m[0m tags                       = (known after apply)
      [32m+[0m[0m zone_id                    = (known after apply)
    }

[1m  # module.shared_vpc_privatelink.data.confluent_environment.privatelink[0m will be read during apply
  # (config refers to values not yet known)
[0m [36m<=[0m[0m data "confluent_environment" "privatelink" {
      [32m+[0m[0m display_name  = (known after apply)
      [32m+[0m[0m id            = (known after apply)
      [32m+[0m[0m resource_name = (known after apply)
    }

[1m  # module.shared_vpc_privatelink.aws_ec2_transit_gateway_route_table_association.privatelink[0m will be created
[0m  [32m+[0m[0m resource "aws_ec2_transit_gateway_route_table_association" "privatelink" {
      [32m+[0m[0m id                             = (known after apply)
      [32m+[0m[0m region                         = "us-east-1"
      [32m+[0m[0m replace_existing_association   = false
      [32m+[0m[0m resource_id                    = (known after apply)
      [32m+[0m[0m resource_type                  = (known after apply)
      [32m+[0m[0m transit_gateway_attachment_id  = (known after apply)
      [32m+[0m[0m transit_gateway_route_table_id = "tgw-rtb-0969b9f665422e95c"
    }

[1m  # module.shared_vpc_privatelink.aws_ec2_transit_gateway_route_table_propagation.privatelink[0m will be created
[0m  [32m+[0m[0m resource "aws_ec2_transit_gateway_route_table_propagation" "privatelink" {
      [32m+[0m[0m id                             = (known after apply)
      [32m+[0m[0m region                         = "us-east-1"
      [32m+[0m[0m resource_id                    = (known after apply)
      [32m+[0m[0m resource_type                  = (known after apply)
      [32m+[0m[0m transit_gateway_attachment_id  = (known after apply)
      [32m+[0m[0m transit_gateway_route_table_id = "tgw-rtb-0969b9f665422e95c"
    }

[1m  # module.shared_vpc_privatelink.aws_ec2_transit_gateway_vpc_attachment.privatelink[0m will be created
[0m  [32m+[0m[0m resource "aws_ec2_transit_gateway_vpc_attachment" "privatelink" {
      [32m+[0m[0m appliance_mode_support                          = "disable"
      [32m+[0m[0m arn                                             = (known after apply)
      [32m+[0m[0m dns_support                                     = "enable"
      [32m+[0m[0m id                                              = (known after apply)
      [32m+[0m[0m ipv6_support                                    = "disable"
      [32m+[0m[0m region                                          = "us-east-1"
      [32m+[0m[0m security_group_referencing_support              = (known after apply)
      [32m+[0m[0m subnet_ids                                      = (known after apply)
      [32m+[0m[0m tags                                            = (known after apply)
      [32m+[0m[0m tags_all                                        = (known after apply)
      [32m+[0m[0m transit_gateway_default_route_table_association = (known after apply)
      [32m+[0m[0m transit_gateway_default_route_table_propagation = (known after apply)
      [32m+[0m[0m transit_gateway_id                              = "tgw-0ea7a7c37a74e064a"
      [32m+[0m[0m vpc_id                                          = (known after apply)
      [32m+[0m[0m vpc_owner_id                                    = (known after apply)
    }

[1m  # module.shared_vpc_privatelink.aws_route.privatelink_to_dns[0][0m will be created
[0m  [32m+[0m[0m resource "aws_route" "privatelink_to_dns" {
      [32m+[0m[0m destination_cidr_block = "10.255.0.0/24"
      [32m+[0m[0m id                     = (known after apply)
      [32m+[0m[0m instance_id            = (known after apply)
      [32m+[0m[0m instance_owner_id      = (known after apply)
      [32m+[0m[0m network_interface_id   = (known after apply)
      [32m+[0m[0m origin                 = (known after apply)
      [32m+[0m[0m region                 = "us-east-1"
      [32m+[0m[0m route_table_id         = (known after apply)
      [32m+[0m[0m state                  = (known after apply)
      [32m+[0m[0m transit_gateway_id     = "tgw-0ea7a7c37a74e064a"
    }

[1m  # module.shared_vpc_privatelink.aws_route.privatelink_to_dns[1][0m will be created
[0m  [32m+[0m[0m resource "aws_route" "privatelink_to_dns" {
      [32m+[0m[0m destination_cidr_block = "10.255.0.0/24"
      [32m+[0m[0m id                     = (known after apply)
      [32m+[0m[0m instance_id            = (known after apply)
      [32m+[0m[0m instance_owner_id      = (known after apply)
      [32m+[0m[0m network_interface_id   = (known after apply)
      [32m+[0m[0m origin                 = (known after apply)
      [32m+[0m[0m region                 = "us-east-1"
      [32m+[0m[0m route_table_id         = (known after apply)
      [32m+[0m[0m state                  = (known after apply)
      [32m+[0m[0m transit_gateway_id     = "tgw-0ea7a7c37a74e064a"
    }

[1m  # module.shared_vpc_privatelink.aws_route.privatelink_to_dns[2][0m will be created
[0m  [32m+[0m[0m resource "aws_route" "privatelink_to_dns" {
      [32m+[0m[0m destination_cidr_block = "10.255.0.0/24"
      [32m+[0m[0m id                     = (known after apply)
      [32m+[0m[0m instance_id            = (known after apply)
      [32m+[0m[0m instance_owner_id      = (known after apply)
      [32m+[0m[0m network_interface_id   = (known after apply)
      [32m+[0m[0m origin                 = (known after apply)
      [32m+[0m[0m region                 = "us-east-1"
      [32m+[0m[0m route_table_id         = (known after apply)
      [32m+[0m[0m state                  = (known after apply)
      [32m+[0m[0m transit_gateway_id     = "tgw-0ea7a7c37a74e064a"
    }

[1m  # module.shared_vpc_privatelink.aws_route.privatelink_to_tfc_agent[0][0m will be created
[0m  [32m+[0m[0m resource "aws_route" "privatelink_to_tfc_agent" {
      [32m+[0m[0m destination_cidr_block = "10.2.0.0/20"
      [32m+[0m[0m id                     = (known after apply)
      [32m+[0m[0m instance_id            = (known after apply)
      [32m+[0m[0m instance_owner_id      = (known after apply)
      [32m+[0m[0m network_interface_id   = (known after apply)
      [32m+[0m[0m origin                 = (known after apply)
      [32m+[0m[0m region                 = "us-east-1"
      [32m+[0m[0m route_table_id         = (known after apply)
      [32m+[0m[0m state                  = (known after apply)
      [32m+[0m[0m transit_gateway_id     = "tgw-0ea7a7c37a74e064a"
    }

[1m  # module.shared_vpc_privatelink.aws_route.privatelink_to_tfc_agent[1][0m will be created
[0m  [32m+[0m[0m resource "aws_route" "privatelink_to_tfc_agent" {
      [32m+[0m[0m destination_cidr_block = "10.2.0.0/20"
      [32m+[0m[0m id                     = (known after apply)
      [32m+[0m[0m instance_id            = (known after apply)
      [32m+[0m[0m instance_owner_id      = (known after apply)
      [32m+[0m[0m network_interface_id   = (known after apply)
      [32m+[0m[0m origin                 = (known after apply)
      [32m+[0m[0m region                 = "us-east-1"
      [32m+[0m[0m route_table_id         = (known after apply)
      [32m+[0m[0m state                  = (known after apply)
      [32m+[0m[0m transit_gateway_id     = "tgw-0ea7a7c37a74e064a"
    }

[1m  # module.shared_vpc_privatelink.aws_route.privatelink_to_tfc_agent[2][0m will be created
[0m  [32m+[0m[0m resource "aws_route" "privatelink_to_tfc_agent" {
      [32m+[0m[0m destination_cidr_block = "10.2.0.0/20"
      [32m+[0m[0m id                     = (known after apply)
      [32m+[0m[0m instance_id            = (known after apply)
      [32m+[0m[0m instance_owner_id      = (known after apply)
      [32m+[0m[0m network_interface_id   = (known after apply)
      [32m+[0m[0m origin                 = (known after apply)
      [32m+[0m[0m region                 = "us-east-1"
      [32m+[0m[0m route_table_id         = (known after apply)
      [32m+[0m[0m state                  = (known after apply)
      [32m+[0m[0m transit_gateway_id     = "tgw-0ea7a7c37a74e064a"
    }

[1m  # module.shared_vpc_privatelink.aws_route.privatelink_to_vpn_client[0][0m will be created
[0m  [32m+[0m[0m resource "aws_route" "privatelink_to_vpn_client" {
      [32m+[0m[0m destination_cidr_block = "10.200.0.0/22"
      [32m+[0m[0m id                     = (known after apply)
      [32m+[0m[0m instance_id            = (known after apply)
      [32m+[0m[0m instance_owner_id      = (known after apply)
      [32m+[0m[0m network_interface_id   = (known after apply)
      [32m+[0m[0m origin                 = (known after apply)
      [32m+[0m[0m region                 = "us-east-1"
      [32m+[0m[0m route_table_id         = (known after apply)
      [32m+[0m[0m state                  = (known after apply)
      [32m+[0m[0m transit_gateway_id     = "tgw-0ea7a7c37a74e064a"
    }

[1m  # module.shared_vpc_privatelink.aws_route.privatelink_to_vpn_client[1][0m will be created
[0m  [32m+[0m[0m resource "aws_route" "privatelink_to_vpn_client" {
      [32m+[0m[0m destination_cidr_block = "10.200.0.0/22"
      [32m+[0m[0m id                     = (known after apply)
      [32m+[0m[0m instance_id            = (known after apply)
      [32m+[0m[0m instance_owner_id      = (known after apply)
      [32m+[0m[0m network_interface_id   = (known after apply)
      [32m+[0m[0m origin                 = (known after apply)
      [32m+[0m[0m region                 = "us-east-1"
      [32m+[0m[0m route_table_id         = (known after apply)
      [32m+[0m[0m state                  = (known after apply)
      [32m+[0m[0m transit_gateway_id     = "tgw-0ea7a7c37a74e064a"
    }

[1m  # module.shared_vpc_privatelink.aws_route.privatelink_to_vpn_client[2][0m will be created
[0m  [32m+[0m[0m resource "aws_route" "privatelink_to_vpn_client" {
      [32m+[0m[0m destination_cidr_block = "10.200.0.0/22"
      [32m+[0m[0m id                     = (known after apply)
      [32m+[0m[0m instance_id            = (known after apply)
      [32m+[0m[0m instance_owner_id      = (known after apply)
      [32m+[0m[0m network_interface_id   = (known after apply)
      [32m+[0m[0m origin                 = (known after apply)
      [32m+[0m[0m region                 = "us-east-1"
      [32m+[0m[0m route_table_id         = (known after apply)
      [32m+[0m[0m state                  = (known after apply)
      [32m+[0m[0m transit_gateway_id     = "tgw-0ea7a7c37a74e064a"
    }

[1m  # module.shared_vpc_privatelink.aws_route.privatelink_to_vpn_vpc[0][0m will be created
[0m  [32m+[0m[0m resource "aws_route" "privatelink_to_vpn_vpc" {
      [32m+[0m[0m destination_cidr_block = "10.100.0.0/22"
      [32m+[0m[0m id                     = (known after apply)
      [32m+[0m[0m instance_id            = (known after apply)
      [32m+[0m[0m instance_owner_id      = (known after apply)
      [32m+[0m[0m network_interface_id   = (known after apply)
      [32m+[0m[0m origin                 = (known after apply)
      [32m+[0m[0m region                 = "us-east-1"
      [32m+[0m[0m route_table_id         = (known after apply)
      [32m+[0m[0m state                  = (known after apply)
      [32m+[0m[0m transit_gateway_id     = "tgw-0ea7a7c37a74e064a"
    }

[1m  # module.shared_vpc_privatelink.aws_route.privatelink_to_vpn_vpc[1][0m will be created
[0m  [32m+[0m[0m resource "aws_route" "privatelink_to_vpn_vpc" {
      [32m+[0m[0m destination_cidr_block = "10.100.0.0/22"
      [32m+[0m[0m id                     = (known after apply)
      [32m+[0m[0m instance_id            = (known after apply)
      [32m+[0m[0m instance_owner_id      = (known after apply)
      [32m+[0m[0m network_interface_id   = (known after apply)
      [32m+[0m[0m origin                 = (known after apply)
      [32m+[0m[0m region                 = "us-east-1"
      [32m+[0m[0m route_table_id         = (known after apply)
      [32m+[0m[0m state                  = (known after apply)
      [32m+[0m[0m transit_gateway_id     = "tgw-0ea7a7c37a74e064a"
    }

[1m  # module.shared_vpc_privatelink.aws_route.privatelink_to_vpn_vpc[2][0m will be created
[0m  [32m+[0m[0m resource "aws_route" "privatelink_to_vpn_vpc" {
      [32m+[0m[0m destination_cidr_block = "10.100.0.0/22"
      [32m+[0m[0m id                     = (known after apply)
      [32m+[0m[0m instance_id            = (known after apply)
      [32m+[0m[0m instance_owner_id      = (known after apply)
      [32m+[0m[0m network_interface_id   = (known after apply)
      [32m+[0m[0m origin                 = (known after apply)
      [32m+[0m[0m region                 = "us-east-1"
      [32m+[0m[0m route_table_id         = (known after apply)
      [32m+[0m[0m state                  = (known after apply)
      [32m+[0m[0m transit_gateway_id     = "tgw-0ea7a7c37a74e064a"
    }

[1m  # module.shared_vpc_privatelink.aws_route53_zone_association.local_vpc[0m will be created
[0m  [32m+[0m[0m resource "aws_route53_zone_association" "local_vpc" {
      [32m+[0m[0m id             = (known after apply)
      [32m+[0m[0m owning_account = (known after apply)
      [32m+[0m[0m vpc_id         = (known after apply)
      [32m+[0m[0m vpc_region     = (known after apply)
      [32m+[0m[0m zone_id        = (known after apply)
    }

[1m  # module.shared_vpc_privatelink.aws_route_table.private[0][0m will be created
[0m  [32m+[0m[0m resource "aws_route_table" "private" {
      [32m+[0m[0m arn              = (known after apply)
      [32m+[0m[0m id               = (known after apply)
      [32m+[0m[0m owner_id         = (known after apply)
      [32m+[0m[0m propagating_vgws = (known after apply)
      [32m+[0m[0m region           = "us-east-1"
      [32m+[0m[0m route            = (known after apply)
      [32m+[0m[0m tags             = {
          [32m+[0m[0m "Name" = "shared-non-prod-private-rt-1"
        }
      [32m+[0m[0m tags_all         = {
          [32m+[0m[0m "Name" = "shared-non-prod-private-rt-1"
        }
      [32m+[0m[0m vpc_id           = (known after apply)
    }

[1m  # module.shared_vpc_privatelink.aws_route_table.private[1][0m will be created
[0m  [32m+[0m[0m resource "aws_route_table" "private" {
      [32m+[0m[0m arn              = (known after apply)
      [32m+[0m[0m id               = (known after apply)
      [32m+[0m[0m owner_id         = (known after apply)
      [32m+[0m[0m propagating_vgws = (known after apply)
      [32m+[0m[0m region           = "us-east-1"
      [32m+[0m[0m route            = (known after apply)
      [32m+[0m[0m tags             = {
          [32m+[0m[0m "Name" = "shared-non-prod-private-rt-2"
        }
      [32m+[0m[0m tags_all         = {
          [32m+[0m[0m "Name" = "shared-non-prod-private-rt-2"
        }
      [32m+[0m[0m vpc_id           = (known after apply)
    }

[1m  # module.shared_vpc_privatelink.aws_route_table.private[2][0m will be created
[0m  [32m+[0m[0m resource "aws_route_table" "private" {
      [32m+[0m[0m arn              = (known after apply)
      [32m+[0m[0m id               = (known after apply)
      [32m+[0m[0m owner_id         = (known after apply)
      [32m+[0m[0m propagating_vgws = (known after apply)
      [32m+[0m[0m region           = "us-east-1"
      [32m+[0m[0m route            = (known after apply)
      [32m+[0m[0m tags             = {
          [32m+[0m[0m "Name" = "shared-non-prod-private-rt-3"
        }
      [32m+[0m[0m tags_all         = {
          [32m+[0m[0m "Name" = "shared-non-prod-private-rt-3"
        }
      [32m+[0m[0m vpc_id           = (known after apply)
    }

[1m  # module.shared_vpc_privatelink.aws_route_table_association.private[0][0m will be created
[0m  [32m+[0m[0m resource "aws_route_table_association" "private" {
      [32m+[0m[0m id             = (known after apply)
      [32m+[0m[0m region         = "us-east-1"
      [32m+[0m[0m route_table_id = (known after apply)
      [32m+[0m[0m subnet_id      = (known after apply)
    }

[1m  # module.shared_vpc_privatelink.aws_route_table_association.private[1][0m will be created
[0m  [32m+[0m[0m resource "aws_route_table_association" "private" {
      [32m+[0m[0m id             = (known after apply)
      [32m+[0m[0m region         = "us-east-1"
      [32m+[0m[0m route_table_id = (known after apply)
      [32m+[0m[0m subnet_id      = (known after apply)
    }

[1m  # module.shared_vpc_privatelink.aws_route_table_association.private[2][0m will be created
[0m  [32m+[0m[0m resource "aws_route_table_association" "private" {
      [32m+[0m[0m id             = (known after apply)
      [32m+[0m[0m region         = "us-east-1"
      [32m+[0m[0m route_table_id = (known after apply)
      [32m+[0m[0m subnet_id      = (known after apply)
    }

[1m  # module.shared_vpc_privatelink.aws_security_group.privatelink[0m will be created
[0m  [32m+[0m[0m resource "aws_security_group" "privatelink" {
      [32m+[0m[0m arn                    = (known after apply)
      [32m+[0m[0m description            = (known after apply)
      [32m+[0m[0m egress                 = (known after apply)
      [32m+[0m[0m id                     = (known after apply)
      [32m+[0m[0m ingress                = (known after apply)
      [32m+[0m[0m name                   = (known after apply)
      [32m+[0m[0m name_prefix            = (known after apply)
      [32m+[0m[0m owner_id               = (known after apply)
      [32m+[0m[0m region                 = "us-east-1"
      [32m+[0m[0m revoke_rules_on_delete = false
      [32m+[0m[0m tags                   = (known after apply)
      [32m+[0m[0m tags_all               = (known after apply)
      [32m+[0m[0m vpc_id                 = (known after apply)
    }

[1m  # module.shared_vpc_privatelink.aws_security_group_rule.allow_dns_tcp[0m will be created
[0m  [32m+[0m[0m resource "aws_security_group_rule" "allow_dns_tcp" {
      [32m+[0m[0m cidr_blocks              = [
          [32m+[0m[0m "10.2.0.0/20",
          [32m+[0m[0m "10.100.0.0/22",
          [32m+[0m[0m "10.200.0.0/22",
          [32m+[0m[0m "10.1.0.0/20",
        ]
      [32m+[0m[0m description              = "DNS (TCP) from VPC, TFC Agent VPCs, and VPN clients"
      [32m+[0m[0m from_port                = 53
      [32m+[0m[0m id                       = (known after apply)
      [32m+[0m[0m protocol                 = "tcp"
      [32m+[0m[0m region                   = "us-east-1"
      [32m+[0m[0m security_group_id        = (known after apply)
      [32m+[0m[0m security_group_rule_id   = (known after apply)
      [32m+[0m[0m self                     = false
      [32m+[0m[0m source_security_group_id = (known after apply)
      [32m+[0m[0m to_port                  = 53
      [32m+[0m[0m type                     = "ingress"
    }

[1m  # module.shared_vpc_privatelink.aws_security_group_rule.allow_dns_udp[0m will be created
[0m  [32m+[0m[0m resource "aws_security_group_rule" "allow_dns_udp" {
      [32m+[0m[0m cidr_blocks              = [
          [32m+[0m[0m "10.2.0.0/20",
          [32m+[0m[0m "10.100.0.0/22",
          [32m+[0m[0m "10.200.0.0/22",
          [32m+[0m[0m "10.1.0.0/20",
        ]
      [32m+[0m[0m description              = "DNS (UDP) from VPC, TFC Agent VPCs, and VPN clients"
      [32m+[0m[0m from_port                = 53
      [32m+[0m[0m id                       = (known after apply)
      [32m+[0m[0m protocol                 = "udp"
      [32m+[0m[0m region                   = "us-east-1"
      [32m+[0m[0m security_group_id        = (known after apply)
      [32m+[0m[0m security_group_rule_id   = (known after apply)
      [32m+[0m[0m self                     = false
      [32m+[0m[0m source_security_group_id = (known after apply)
      [32m+[0m[0m to_port                  = 53
      [32m+[0m[0m type                     = "ingress"
    }

[1m  # module.shared_vpc_privatelink.aws_security_group_rule.allow_https[0m will be created
[0m  [32m+[0m[0m resource "aws_security_group_rule" "allow_https" {
      [32m+[0m[0m cidr_blocks              = [
          [32m+[0m[0m "10.2.0.0/20",
          [32m+[0m[0m "10.100.0.0/22",
          [32m+[0m[0m "10.200.0.0/22",
          [32m+[0m[0m "10.1.0.0/20",
        ]
      [32m+[0m[0m description              = "HTTPS from VPC, TFC Agent VPCs, and VPN clients"
      [32m+[0m[0m from_port                = 443
      [32m+[0m[0m id                       = (known after apply)
      [32m+[0m[0m protocol                 = "tcp"
      [32m+[0m[0m region                   = "us-east-1"
      [32m+[0m[0m security_group_id        = (known after apply)
      [32m+[0m[0m security_group_rule_id   = (known after apply)
      [32m+[0m[0m self                     = false
      [32m+[0m[0m source_security_group_id = (known after apply)
      [32m+[0m[0m to_port                  = 443
      [32m+[0m[0m type                     = "ingress"
    }

[1m  # module.shared_vpc_privatelink.aws_security_group_rule.allow_kafka[0m will be created
[0m  [32m+[0m[0m resource "aws_security_group_rule" "allow_kafka" {
      [32m+[0m[0m cidr_blocks              = [
          [32m+[0m[0m "10.2.0.0/20",
          [32m+[0m[0m "10.100.0.0/22",
          [32m+[0m[0m "10.200.0.0/22",
          [32m+[0m[0m "10.1.0.0/20",
        ]
      [32m+[0m[0m description              = "Kafka from VPC, TFC Agent VPCs, and VPN clients"
      [32m+[0m[0m from_port                = 9092
      [32m+[0m[0m id                       = (known after apply)
      [32m+[0m[0m protocol                 = "tcp"
      [32m+[0m[0m region                   = "us-east-1"
      [32m+[0m[0m security_group_id        = (known after apply)
      [32m+[0m[0m security_group_rule_id   = (known after apply)
      [32m+[0m[0m self                     = false
      [32m+[0m[0m source_security_group_id = (known after apply)
      [32m+[0m[0m to_port                  = 9092
      [32m+[0m[0m type                     = "ingress"
    }

[1m  # module.shared_vpc_privatelink.aws_subnet.private[0][0m will be created
[0m  [32m+[0m[0m resource "aws_subnet" "private" {
      [32m+[0m[0m arn                                            = (known after apply)
      [32m+[0m[0m assign_ipv6_address_on_creation                = false
      [32m+[0m[0m availability_zone                              = (known after apply)
      [32m+[0m[0m availability_zone_id                           = (known after apply)
      [32m+[0m[0m cidr_block                                     = "10.1.0.0/24"
      [32m+[0m[0m enable_dns64                                   = false
      [32m+[0m[0m enable_resource_name_dns_a_record_on_launch    = false
      [32m+[0m[0m enable_resource_name_dns_aaaa_record_on_launch = false
      [32m+[0m[0m id                                             = (known after apply)
      [32m+[0m[0m ipv6_cidr_block                                = (known after apply)
      [32m+[0m[0m ipv6_cidr_block_association_id                 = (known after apply)
      [32m+[0m[0m ipv6_native                                    = false
      [32m+[0m[0m map_public_ip_on_launch                        = false
      [32m+[0m[0m owner_id                                       = (known after apply)
      [32m+[0m[0m private_dns_hostname_type_on_launch            = (known after apply)
      [32m+[0m[0m region                                         = "us-east-1"
      [32m+[0m[0m tags                                           = (known after apply)
      [32m+[0m[0m tags_all                                       = (known after apply)
      [32m+[0m[0m vpc_id                                         = (known after apply)
    }

[1m  # module.shared_vpc_privatelink.aws_subnet.private[1][0m will be created
[0m  [32m+[0m[0m resource "aws_subnet" "private" {
      [32m+[0m[0m arn                                            = (known after apply)
      [32m+[0m[0m assign_ipv6_address_on_creation                = false
      [32m+[0m[0m availability_zone                              = (known after apply)
      [32m+[0m[0m availability_zone_id                           = (known after apply)
      [32m+[0m[0m cidr_block                                     = "10.1.1.0/24"
      [32m+[0m[0m enable_dns64                                   = false
      [32m+[0m[0m enable_resource_name_dns_a_record_on_launch    = false
      [32m+[0m[0m enable_resource_name_dns_aaaa_record_on_launch = false
      [32m+[0m[0m id                                             = (known after apply)
      [32m+[0m[0m ipv6_cidr_block                                = (known after apply)
      [32m+[0m[0m ipv6_cidr_block_association_id                 = (known after apply)
      [32m+[0m[0m ipv6_native                                    = false
      [32m+[0m[0m map_public_ip_on_launch                        = false
      [32m+[0m[0m owner_id                                       = (known after apply)
      [32m+[0m[0m private_dns_hostname_type_on_launch            = (known after apply)
      [32m+[0m[0m region                                         = "us-east-1"
      [32m+[0m[0m tags                                           = (known after apply)
      [32m+[0m[0m tags_all                                       = (known after apply)
      [32m+[0m[0m vpc_id                                         = (known after apply)
    }

[1m  # module.shared_vpc_privatelink.aws_subnet.private[2][0m will be created
[0m  [32m+[0m[0m resource "aws_subnet" "private" {
      [32m+[0m[0m arn                                            = (known after apply)
      [32m+[0m[0m assign_ipv6_address_on_creation                = false
      [32m+[0m[0m availability_zone                              = (known after apply)
      [32m+[0m[0m availability_zone_id                           = (known after apply)
      [32m+[0m[0m cidr_block                                     = "10.1.2.0/24"
      [32m+[0m[0m enable_dns64                                   = false
      [32m+[0m[0m enable_resource_name_dns_a_record_on_launch    = false
      [32m+[0m[0m enable_resource_name_dns_aaaa_record_on_launch = false
      [32m+[0m[0m id                                             = (known after apply)
      [32m+[0m[0m ipv6_cidr_block                                = (known after apply)
      [32m+[0m[0m ipv6_cidr_block_association_id                 = (known after apply)
      [32m+[0m[0m ipv6_native                                    = false
      [32m+[0m[0m map_public_ip_on_launch                        = false
      [32m+[0m[0m owner_id                                       = (known after apply)
      [32m+[0m[0m private_dns_hostname_type_on_launch            = (known after apply)
      [32m+[0m[0m region                                         = "us-east-1"
      [32m+[0m[0m tags                                           = (known after apply)
      [32m+[0m[0m tags_all                                       = (known after apply)
      [32m+[0m[0m vpc_id                                         = (known after apply)
    }

[1m  # module.shared_vpc_privatelink.aws_vpc.privatelink[0m will be created
[0m  [32m+[0m[0m resource "aws_vpc" "privatelink" {
      [32m+[0m[0m arn                                  = (known after apply)
      [32m+[0m[0m cidr_block                           = "10.1.0.0/20"
      [32m+[0m[0m default_network_acl_id               = (known after apply)
      [32m+[0m[0m default_route_table_id               = (known after apply)
      [32m+[0m[0m default_security_group_id            = (known after apply)
      [32m+[0m[0m dhcp_options_id                      = (known after apply)
      [32m+[0m[0m enable_dns_hostnames                 = true
      [32m+[0m[0m enable_dns_support                   = true
      [32m+[0m[0m enable_network_address_usage_metrics = (known after apply)
      [32m+[0m[0m id                                   = (known after apply)
      [32m+[0m[0m instance_tenancy                     = "default"
      [32m+[0m[0m ipv6_association_id                  = (known after apply)
      [32m+[0m[0m ipv6_cidr_block                      = (known after apply)
      [32m+[0m[0m ipv6_cidr_block_network_border_group = (known after apply)
      [32m+[0m[0m main_route_table_id                  = (known after apply)
      [32m+[0m[0m owner_id                             = (known after apply)
      [32m+[0m[0m region                               = "us-east-1"
      [32m+[0m[0m tags                                 = {
          [32m+[0m[0m "Name" = "shared-non-prod"
        }
      [32m+[0m[0m tags_all                             = {
          [32m+[0m[0m "Name" = "shared-non-prod"
        }
    }

[1m  # module.shared_vpc_privatelink.aws_vpc_endpoint.privatelink[0m will be created
[0m  [32m+[0m[0m resource "aws_vpc_endpoint" "privatelink" {
      [32m+[0m[0m arn                   = (known after apply)
      [32m+[0m[0m cidr_blocks           = (known after apply)
      [32m+[0m[0m dns_entry             = (known after apply)
      [32m+[0m[0m id                    = (known after apply)
      [32m+[0m[0m ip_address_type       = (known after apply)
      [32m+[0m[0m network_interface_ids = (known after apply)
      [32m+[0m[0m owner_id              = (known after apply)
      [32m+[0m[0m policy                = (known after apply)
      [32m+[0m[0m prefix_list_id        = (known after apply)
      [32m+[0m[0m private_dns_enabled   = false
      [32m+[0m[0m region                = "us-east-1"
      [32m+[0m[0m requester_managed     = (known after apply)
      [32m+[0m[0m route_table_ids       = (known after apply)
      [32m+[0m[0m security_group_ids    = (known after apply)
      [32m+[0m[0m service_name          = (known after apply)
      [32m+[0m[0m service_region        = (known after apply)
      [32m+[0m[0m state                 = (known after apply)
      [32m+[0m[0m subnet_ids            = (known after apply)
      [32m+[0m[0m tags                  = (known after apply)
      [32m+[0m[0m tags_all              = (known after apply)
      [32m+[0m[0m vpc_endpoint_type     = "Interface"
      [32m+[0m[0m vpc_id                = (known after apply)

      [32m+[0m[0m dns_options (known after apply)

      [32m+[0m[0m subnet_configuration (known after apply)
    }

[1m  # module.shared_vpc_privatelink.confluent_private_link_attachment_connection.privatelink[0m will be created
[0m  [32m+[0m[0m resource "confluent_private_link_attachment_connection" "privatelink" {
      [32m+[0m[0m display_name  = (known after apply)
      [32m+[0m[0m id            = (known after apply)
      [32m+[0m[0m resource_name = (known after apply)

      [32m+[0m[0m aws {
          [32m+[0m[0m vpc_endpoint_id = (known after apply)
        }

      [32m+[0m[0m environment {
          [32m+[0m[0m id = (known after apply)
        }

      [32m+[0m[0m private_link_attachment {
          [32m+[0m[0m id = (known after apply)
        }
    }

[1m  # module.shared_vpc_privatelink.time_sleep.wait_for_zone_associations[0m will be created
[0m  [32m+[0m[0m resource "time_sleep" "wait_for_zone_associations" {
      [32m+[0m[0m create_duration = "1m"
      [32m+[0m[0m id              = (known after apply)
    }

[1mPlan:[0m [0m92 to add, 0 to change, 0 to destroy.

Changes to Outputs:
  [32m+[0m[0m all_sandbox_cluster_attributes = {
      [32m+[0m[0m confluent_connection_id     = (known after apply)
      [32m+[0m[0m default_security_group_id   = (known after apply)
      [32m+[0m[0m dns_ready                   = (known after apply)
      [32m+[0m[0m private_subnet_az_ids       = [
          [32m+[0m[0m (known after apply),
          [32m+[0m[0m (known after apply),
          [32m+[0m[0m (known after apply),
        ]
      [32m+[0m[0m private_subnet_azs          = [
          [32m+[0m[0m (known after apply),
          [32m+[0m[0m (known after apply),
          [32m+[0m[0m (known after apply),
        ]
      [32m+[0m[0m private_subnet_cidrs        = [
          [32m+[0m[0m "10.0.0.0/24",
          [32m+[0m[0m "10.0.1.0/24",
          [32m+[0m[0m "10.0.2.0/24",
        ]
      [32m+[0m[0m private_subnet_ids          = [
          [32m+[0m[0m (known after apply),
          [32m+[0m[0m (known after apply),
          [32m+[0m[0m (known after apply),
        ]
      [32m+[0m[0m route53_zone_id             = (known after apply)
      [32m+[0m[0m route53_zone_name           = (known after apply)
      [32m+[0m[0m route_table_association_ids = [
          [32m+[0m[0m (known after apply),
          [32m+[0m[0m (known after apply),
          [32m+[0m[0m (known after apply),
        ]
      [32m+[0m[0m security_group_id           = (known after apply)
      [32m+[0m[0m subnet_map                  = {
          [32m+[0m[0m sandbox-non-prod-private-subnet-1 = (known after apply)
          [32m+[0m[0m sandbox-non-prod-private-subnet-2 = (known after apply)
          [32m+[0m[0m sandbox-non-prod-private-subnet-3 = (known after apply)
        }
      [32m+[0m[0m tgw_attachment_id           = (known after apply)
      [32m+[0m[0m vpc_cidr                    = "10.0.0.0/20"
      [32m+[0m[0m vpc_endpoint_dns            = (known after apply)
      [32m+[0m[0m vpc_endpoint_id             = (known after apply)
      [32m+[0m[0m vpc_id                      = (known after apply)
      [32m+[0m[0m vpc_rt_ids                  = [
          [32m+[0m[0m (known after apply),
          [32m+[0m[0m (known after apply),
          [32m+[0m[0m (known after apply),
        ]
      [32m+[0m[0m vpc_subnet_details          = {
          [32m+[0m[0m "0" = {
              [32m+[0m[0m availability_zone    = (known after apply)
              [32m+[0m[0m availability_zone_id = (known after apply)
              [32m+[0m[0m cidr_block           = "10.0.0.0/24"
              [32m+[0m[0m id                   = (known after apply)
              [32m+[0m[0m name                 = "sandbox-non-prod-private-subnet-1"
            }
          [32m+[0m[0m "1" = {
              [32m+[0m[0m availability_zone    = (known after apply)
              [32m+[0m[0m availability_zone_id = (known after apply)
              [32m+[0m[0m cidr_block           = "10.0.1.0/24"
              [32m+[0m[0m id                   = (known after apply)
              [32m+[0m[0m name                 = "sandbox-non-prod-private-subnet-2"
            }
          [32m+[0m[0m "2" = {
              [32m+[0m[0m availability_zone    = (known after apply)
              [32m+[0m[0m availability_zone_id = (known after apply)
              [32m+[0m[0m cidr_block           = "10.0.2.0/24"
              [32m+[0m[0m id                   = (known after apply)
              [32m+[0m[0m name                 = "sandbox-non-prod-private-subnet-3"
            }
        }
    }
  [32m+[0m[0m all_shared_cluster_attributes  = {
      [32m+[0m[0m confluent_connection_id     = (known after apply)
      [32m+[0m[0m default_security_group_id   = (known after apply)
      [32m+[0m[0m dns_ready                   = (known after apply)
      [32m+[0m[0m private_subnet_az_ids       = [
          [32m+[0m[0m (known after apply),
          [32m+[0m[0m (known after apply),
          [32m+[0m[0m (known after apply),
        ]
      [32m+[0m[0m private_subnet_azs          = [
          [32m+[0m[0m (known after apply),
          [32m+[0m[0m (known after apply),
          [32m+[0m[0m (known after apply),
        ]
      [32m+[0m[0m private_subnet_cidrs        = [
          [32m+[0m[0m "10.1.0.0/24",
          [32m+[0m[0m "10.1.1.0/24",
          [32m+[0m[0m "10.1.2.0/24",
        ]
      [32m+[0m[0m private_subnet_ids          = [
          [32m+[0m[0m (known after apply),
          [32m+[0m[0m (known after apply),
          [32m+[0m[0m (known after apply),
        ]
      [32m+[0m[0m route53_zone_id             = (known after apply)
      [32m+[0m[0m route53_zone_name           = (known after apply)
      [32m+[0m[0m route_table_association_ids = [
          [32m+[0m[0m (known after apply),
          [32m+[0m[0m (known after apply),
          [32m+[0m[0m (known after apply),
        ]
      [32m+[0m[0m security_group_id           = (known after apply)
      [32m+[0m[0m subnet_map                  = {
          [32m+[0m[0m shared-non-prod-private-subnet-1 = (known after apply)
          [32m+[0m[0m shared-non-prod-private-subnet-2 = (known after apply)
          [32m+[0m[0m shared-non-prod-private-subnet-3 = (known after apply)
        }
      [32m+[0m[0m tgw_attachment_id           = (known after apply)
      [32m+[0m[0m vpc_cidr                    = "10.1.0.0/20"
      [32m+[0m[0m vpc_endpoint_dns            = (known after apply)
      [32m+[0m[0m vpc_endpoint_id             = (known after apply)
      [32m+[0m[0m vpc_id                      = (known after apply)
      [32m+[0m[0m vpc_rt_ids                  = [
          [32m+[0m[0m (known after apply),
          [32m+[0m[0m (known after apply),
          [32m+[0m[0m (known after apply),
        ]
      [32m+[0m[0m vpc_subnet_details          = {
          [32m+[0m[0m "0" = {
              [32m+[0m[0m availability_zone    = (known after apply)
              [32m+[0m[0m availability_zone_id = (known after apply)
              [32m+[0m[0m cidr_block           = "10.1.0.0/24"
              [32m+[0m[0m id                   = (known after apply)
              [32m+[0m[0m name                 = "shared-non-prod-private-subnet-1"
            }
          [32m+[0m[0m "1" = {
              [32m+[0m[0m availability_zone    = (known after apply)
              [32m+[0m[0m availability_zone_id = (known after apply)
              [32m+[0m[0m cidr_block           = "10.1.1.0/24"
              [32m+[0m[0m id                   = (known after apply)
              [32m+[0m[0m name                 = "shared-non-prod-private-subnet-2"
            }
          [32m+[0m[0m "2" = {
              [32m+[0m[0m availability_zone    = (known after apply)
              [32m+[0m[0m availability_zone_id = (known after apply)
              [32m+[0m[0m cidr_block           = "10.1.2.0/24"
              [32m+[0m[0m id                   = (known after apply)
              [32m+[0m[0m name                 = "shared-non-prod-private-subnet-3"
            }
        }
    }
  [32m+[0m[0m confluent_environment_id       = (known after apply)
  [32m+[0m[0m dns_vpc_cidr_block             = "10.255.0.0/24"
  [32m+[0m[0m tfc_agent_vpc_cidr_block       = "10.2.0.0/20"
  [32m+[0m[0m vpn_vpc_cidr_block             = "10.100.0.0/22"
  [32m+[0m[0m vpn_vpc_client_cidr_block      = "10.200.0.0/22"
[90m
─────────────────────────────────────────────────────────────────────────────[0m

Saved the plan to: tfplan

To perform exactly these actions, run the following command to apply:
    terraform apply "tfplan"
